// !$*UTF8*$!
{
	archiveVersion = 1;
	classes = {
	};
	objectVersion = 46;
	objects = {

/* Begin PBXBuildFile section */
		D1F1153B1A17C1EC00A868F5 /* CityBuilder.cpp in Sources */ = {isa = PBXBuildFile; fileRef = D1F115351A17C1EC00A868F5 /* CityBuilder.cpp */; };
		D1F1153C1A17C1EC00A868F5 /* Mesh.cpp in Sources */ = {isa = PBXBuildFile; fileRef = D1F115361A17C1EC00A868F5 /* Mesh.cpp */; };
		D1F1153D1A17C1EC00A868F5 /* TerrainGrid.cpp in Sources */ = {isa = PBXBuildFile; fileRef = D1F115381A17C1EC00A868F5 /* TerrainGrid.cpp */; };
		FE1EFE5E1A17ECF1006F32DB /* ObjMesh.cpp in Sources */ = {isa = PBXBuildFile; fileRef = FE1EFE5C1A17ECF1006F32DB /* ObjMesh.cpp */; };
		FED4332E1A17C612008776F2 /* OpenGL.framework in Frameworks */ = {isa = PBXBuildFile; fileRef = FED4332D1A17C612008776F2 /* OpenGL.framework */; };
		FED433301A17C618008776F2 /* GLUT.framework in Frameworks */ = {isa = PBXBuildFile; fileRef = FED4332F1A17C618008776F2 /* GLUT.framework */; };
/* End PBXBuildFile section */

/* Begin PBXCopyFilesBuildPhase section */
		D1F115291A17C00900A868F5 /* CopyFiles */ = {
			isa = PBXCopyFilesBuildPhase;
			buildActionMask = 2147483647;
			dstPath = /usr/share/man/man1/;
			dstSubfolderSpec = 0;
			files = (
			);
			runOnlyForDeploymentPostprocessing = 1;
		};
/* End PBXCopyFilesBuildPhase section */

/* Begin PBXFileReference section */
		D1F1152B1A17C00900A868F5 /* TankSim */ = {isa = PBXFileReference; explicitFileType = "compiled.mach-o.executable"; includeInIndex = 0; path = TankSim; sourceTree = BUILT_PRODUCTS_DIR; };
		D1F115351A17C1EC00A868F5 /* CityBuilder.cpp */ = {isa = PBXFileReference; fileEncoding = 4; lastKnownFileType = sourcecode.cpp.cpp; path = CityBuilder.cpp; sourceTree = "<group>"; };
		D1F115361A17C1EC00A868F5 /* Mesh.cpp */ = {isa = PBXFileReference; fileEncoding = 4; lastKnownFileType = sourcecode.cpp.cpp; path = Mesh.cpp; sourceTree = "<group>"; };
		D1F115371A17C1EC00A868F5 /* Mesh.h */ = {isa = PBXFileReference; fileEncoding = 4; lastKnownFileType = sourcecode.c.h; path = Mesh.h; sourceTree = "<group>"; };
		D1F115381A17C1EC00A868F5 /* TerrainGrid.cpp */ = {isa = PBXFileReference; fileEncoding = 4; lastKnownFileType = sourcecode.cpp.cpp; path = TerrainGrid.cpp; sourceTree = "<group>"; };
		D1F115391A17C1EC00A868F5 /* TerrainGrid.h */ = {isa = PBXFileReference; fileEncoding = 4; lastKnownFileType = sourcecode.c.h; path = TerrainGrid.h; sourceTree = "<group>"; };
		D1F1153A1A17C1EC00A868F5 /* VECTOR3D.h */ = {isa = PBXFileReference; fileEncoding = 4; lastKnownFileType = sourcecode.c.h; path = VECTOR3D.h; sourceTree = "<group>"; };
		FE1EFE5C1A17ECF1006F32DB /* ObjMesh.cpp */ = {isa = PBXFileReference; fileEncoding = 4; lastKnownFileType = sourcecode.cpp.cpp; path = ObjMesh.cpp; sourceTree = "<group>"; };
		FE1EFE5D1A17ECF1006F32DB /* ObjMesh.h */ = {isa = PBXFileReference; fileEncoding = 4; lastKnownFileType = sourcecode.c.h; path = ObjMesh.h; sourceTree = "<group>"; };
		FE2A19B21A19022F0076DB5C /* building1.bmp */ = {isa = PBXFileReference; lastKnownFileType = image.bmp; path = building1.bmp; sourceTree = "<group>"; };
		FE2A19B31A19022F0076DB5C /* building2.bmp */ = {isa = PBXFileReference; lastKnownFileType = image.bmp; path = building2.bmp; sourceTree = "<group>"; };
		FE2A19B41A19022F0076DB5C /* building3.bmp */ = {isa = PBXFileReference; lastKnownFileType = image.bmp; path = building3.bmp; sourceTree = "<group>"; };
		FE2A19B51A19022F0076DB5C /* grass.bmp */ = {isa = PBXFileReference; lastKnownFileType = image.bmp; path = grass.bmp; sourceTree = "<group>"; };
		FE2A19B61A19022F0076DB5C /* road.bmp */ = {isa = PBXFileReference; lastKnownFileType = image.bmp; path = road.bmp; sourceTree = "<group>"; };
		FE50909E1A20D391000E3893 /* animator.h */ = {isa = PBXFileReference; lastKnownFileType = sourcecode.c.h; path = animator.h; sourceTree = "<group>"; };
		FEA106E41A1A88DE00B45BB9 /* Tank.h */ = {isa = PBXFileReference; lastKnownFileType = sourcecode.c.h; path = Tank.h; sourceTree = "<group>"; };
		FEA106E61A1AAEAB00B45BB9 /* body.bmp */ = {isa = PBXFileReference; lastKnownFileType = image.bmp; path = body.bmp; sourceTree = "<group>"; };
		FEA106E71A1AAEAB00B45BB9 /* cannon.bmp */ = {isa = PBXFileReference; lastKnownFileType = image.bmp; path = cannon.bmp; sourceTree = "<group>"; };
		FEA106E81A1AAEAB00B45BB9 /* cannon.obj */ = {isa = PBXFileReference; fileEncoding = 4; lastKnownFileType = text; path = cannon.obj; sourceTree = "<group>"; };
		FEA106E91A1AAEAB00B45BB9 /* tank.obj */ = {isa = PBXFileReference; fileEncoding = 4; lastKnownFileType = text; path = tank.obj; sourceTree = "<group>"; };
		FEA106EA1A1AAEAB00B45BB9 /* turret.obj */ = {isa = PBXFileReference; fileEncoding = 4; lastKnownFileType = text; path = turret.obj; sourceTree = "<group>"; };
		FEC9EC991A1BAD5D00E0263D /* turret.bmp */ = {isa = PBXFileReference; lastKnownFileType = image.bmp; name = turret.bmp; path = tank1/turret.bmp; sourceTree = SOURCE_ROOT; };
		FEC9EC9A1A1BAD5D00E0263D /* wheel.bmp */ = {isa = PBXFileReference; lastKnownFileType = image.bmp; name = wheel.bmp; path = tank1/wheel.bmp; sourceTree = SOURCE_ROOT; };
		FEC9EC9B1A1BAD5D00E0263D /* wheel1.obj */ = {isa = PBXFileReference; fileEncoding = 4; lastKnownFileType = text; name = wheel1.obj; path = tank1/wheel1.obj; sourceTree = SOURCE_ROOT; };
		FEC9EC9C1A1BAD5D00E0263D /* wheel2.obj */ = {isa = PBXFileReference; fileEncoding = 4; lastKnownFileType = text; name = wheel2.obj; path = tank1/wheel2.obj; sourceTree = SOURCE_ROOT; };
		FEC9EC9D1A1BAD5D00E0263D /* wheel3.obj */ = {isa = PBXFileReference; fileEncoding = 4; lastKnownFileType = text; name = wheel3.obj; path = tank1/wheel3.obj; sourceTree = SOURCE_ROOT; };
		FEC9EC9E1A1BAD5D00E0263D /* wheel4.obj */ = {isa = PBXFileReference; fileEncoding = 4; lastKnownFileType = text; name = wheel4.obj; path = tank1/wheel4.obj; sourceTree = SOURCE_ROOT; };
		FED4332D1A17C612008776F2 /* OpenGL.framework */ = {isa = PBXFileReference; lastKnownFileType = wrapper.framework; name = OpenGL.framework; path = System/Library/Frameworks/OpenGL.framework; sourceTree = SDKROOT; };
		FED4332F1A17C618008776F2 /* GLUT.framework */ = {isa = PBXFileReference; lastKnownFileType = wrapper.framework; name = GLUT.framework; path = System/Library/Frameworks/GLUT.framework; sourceTree = SDKROOT; };
		FED433321A17CC22008776F2 /* Bitmap.h */ = {isa = PBXFileReference; fileEncoding = 4; lastKnownFileType = sourcecode.c.h; path = Bitmap.h; sourceTree = "<group>"; };
/* End PBXFileReference section */

/* Begin PBXFrameworksBuildPhase section */
		D1F115281A17C00900A868F5 /* Frameworks */ = {
			isa = PBXFrameworksBuildPhase;
			buildActionMask = 2147483647;
			files = (
				FED433301A17C618008776F2 /* GLUT.framework in Frameworks */,
				FED4332E1A17C612008776F2 /* OpenGL.framework in Frameworks */,
			);
			runOnlyForDeploymentPostprocessing = 0;
		};
/* End PBXFrameworksBuildPhase section */

/* Begin PBXGroup section */
		D1F115221A17C00900A868F5 = {
			isa = PBXGroup;
			children = (
				FEA106E51A1AAEAB00B45BB9 /* tank1 */,
				FE2A19B11A19022F0076DB5C /* textures */,
				FED4332F1A17C618008776F2 /* GLUT.framework */,
				FED4332D1A17C612008776F2 /* OpenGL.framework */,
				D1F1152D1A17C00900A868F5 /* TankSim */,
				D1F1152C1A17C00900A868F5 /* Products */,
			);
			sourceTree = "<group>";
		};
		D1F1152C1A17C00900A868F5 /* Products */ = {
			isa = PBXGroup;
			children = (
				D1F1152B1A17C00900A868F5 /* TankSim */,
			);
			name = Products;
			sourceTree = "<group>";
		};
		D1F1152D1A17C00900A868F5 /* TankSim */ = {
			isa = PBXGroup;
			children = (
				FE1EFE5C1A17ECF1006F32DB /* ObjMesh.cpp */,
				FE1EFE5D1A17ECF1006F32DB /* ObjMesh.h */,
				D1F115351A17C1EC00A868F5 /* CityBuilder.cpp */,
				FEA106E41A1A88DE00B45BB9 /* Tank.h */,
				FE50909E1A20D391000E3893 /* animator.h */,
				D1F115361A17C1EC00A868F5 /* Mesh.cpp */,
				D1F115371A17C1EC00A868F5 /* Mesh.h */,
				D1F115381A17C1EC00A868F5 /* TerrainGrid.cpp */,
				D1F115391A17C1EC00A868F5 /* TerrainGrid.h */,
				D1F1153A1A17C1EC00A868F5 /* VECTOR3D.h */,
				FED433321A17CC22008776F2 /* Bitmap.h */,
			);
			path = TankSim;
			sourceTree = "<group>";
		};
		FE2A19B11A19022F0076DB5C /* textures */ = {
			isa = PBXGroup;
			children = (
				FE2A19B21A19022F0076DB5C /* building1.bmp */,
				FE2A19B31A19022F0076DB5C /* building2.bmp */,
				FE2A19B41A19022F0076DB5C /* building3.bmp */,
				FE2A19B51A19022F0076DB5C /* grass.bmp */,
				FE2A19B61A19022F0076DB5C /* road.bmp */,
			);
			path = textures;
			sourceTree = "<group>";
		};
		FEA106E51A1AAEAB00B45BB9 /* tank1 */ = {
			isa = PBXGroup;
			children = (
				FEC9EC991A1BAD5D00E0263D /* turret.bmp */,
				FEC9EC9A1A1BAD5D00E0263D /* wheel.bmp */,
				FEC9EC9B1A1BAD5D00E0263D /* wheel1.obj */,
				FEC9EC9C1A1BAD5D00E0263D /* wheel2.obj */,
				FEC9EC9D1A1BAD5D00E0263D /* wheel3.obj */,
				FEC9EC9E1A1BAD5D00E0263D /* wheel4.obj */,
				FEA106E61A1AAEAB00B45BB9 /* body.bmp */,
				FEA106E71A1AAEAB00B45BB9 /* cannon.bmp */,
				FEA106E81A1AAEAB00B45BB9 /* cannon.obj */,
				FEA106E91A1AAEAB00B45BB9 /* tank.obj */,
				FEA106EA1A1AAEAB00B45BB9 /* turret.obj */,
			);
			path = tank1;
			sourceTree = SOURCE_ROOT;
		};
/* End PBXGroup section */

/* Begin PBXNativeTarget section */
		D1F1152A1A17C00900A868F5 /* TankSim */ = {
			isa = PBXNativeTarget;
			buildConfigurationList = D1F115321A17C00900A868F5 /* Build configuration list for PBXNativeTarget "TankSim" */;
			buildPhases = (
				D1F115271A17C00900A868F5 /* Sources */,
				D1F115281A17C00900A868F5 /* Frameworks */,
				D1F115291A17C00900A868F5 /* CopyFiles */,
			);
			buildRules = (
			);
			dependencies = (
			);
			name = TankSim;
			productName = TankSim;
			productReference = D1F1152B1A17C00900A868F5 /* TankSim */;
			productType = "com.apple.product-type.tool";
		};
/* End PBXNativeTarget section */

/* Begin PBXProject section */
		D1F115231A17C00900A868F5 /* Project object */ = {
			isa = PBXProject;
			attributes = {
				LastUpgradeCheck = 0610;
				ORGANIZATIONNAME = "Matthew Tesfaldet";
				TargetAttributes = {
					D1F1152A1A17C00900A868F5 = {
						CreatedOnToolsVersion = 6.1;
					};
				};
			};
			buildConfigurationList = D1F115261A17C00900A868F5 /* Build configuration list for PBXProject "TankSim" */;
			compatibilityVersion = "Xcode 3.2";
			developmentRegion = English;
			hasScannedForEncodings = 0;
			knownRegions = (
				en,
			);
			mainGroup = D1F115221A17C00900A868F5;
			productRefGroup = D1F1152C1A17C00900A868F5 /* Products */;
			projectDirPath = "";
			projectRoot = "";
			targets = (
				D1F1152A1A17C00900A868F5 /* TankSim */,
			);
		};
/* End PBXProject section */

/* Begin PBXSourcesBuildPhase section */
		D1F115271A17C00900A868F5 /* Sources */ = {
			isa = PBXSourcesBuildPhase;
			buildActionMask = 2147483647;
			files = (
				FE1EFE5E1A17ECF1006F32DB /* ObjMesh.cpp in Sources */,
				D1F1153C1A17C1EC00A868F5 /* Mesh.cpp in Sources */,
				D1F1153B1A17C1EC00A868F5 /* CityBuilder.cpp in Sources */,
				D1F1153D1A17C1EC00A868F5 /* TerrainGrid.cpp in Sources */,
			);
			runOnlyForDeploymentPostprocessing = 0;
		};
/* End PBXSourcesBuildPhase section */

/* Begin XCBuildConfiguration section */
		D1F115301A17C00900A868F5 /* Debug */ = {
			isa = XCBuildConfiguration;
			buildSettings = {
				ALWAYS_SEARCH_USER_PATHS = NO;
				CLANG_CXX_LANGUAGE_STANDARD = "gnu++0x";
				CLANG_CXX_LIBRARY = "libc++";
				CLANG_ENABLE_MODULES = YES;
				CLANG_ENABLE_OBJC_ARC = YES;
				CLANG_WARN_BOOL_CONVERSION = YES;
				CLANG_WARN_CONSTANT_CONVERSION = YES;
				CLANG_WARN_DIRECT_OBJC_ISA_USAGE = YES_ERROR;
				CLANG_WARN_EMPTY_BODY = YES;
				CLANG_WARN_ENUM_CONVERSION = YES;
				CLANG_WARN_INT_CONVERSION = YES;
				CLANG_WARN_OBJC_ROOT_CLASS = YES_ERROR;
				CLANG_WARN_UNREACHABLE_CODE = YES;
				CLANG_WARN__DUPLICATE_METHOD_MATCH = YES;
				COPY_PHASE_STRIP = NO;
				ENABLE_STRICT_OBJC_MSGSEND = YES;
				GCC_C_LANGUAGE_STANDARD = gnu99;
				GCC_DYNAMIC_NO_PIC = NO;
				GCC_OPTIMIZATION_LEVEL = 0;
				GCC_PREPROCESSOR_DEFINITIONS = (
					"DEBUG=1",
					"$(inherited)",
				);
				GCC_SYMBOLS_PRIVATE_EXTERN = NO;
				GCC_WARN_64_TO_32_BIT_CONVERSION = YES;
				GCC_WARN_ABOUT_RETURN_TYPE = YES_ERROR;
				GCC_WARN_UNDECLARED_SELECTOR = YES;
				GCC_WARN_UNINITIALIZED_AUTOS = YES_AGGRESSIVE;
				GCC_WARN_UNUSED_FUNCTION = YES;
				GCC_WARN_UNUSED_VARIABLE = YES;
				MACOSX_DEPLOYMENT_TARGET = 10.8;
				MTL_ENABLE_DEBUG_INFO = YES;
				ONLY_ACTIVE_ARCH = YES;
				SDKROOT = macosx;
			};
			name = Debug;
		};
		D1F115311A17C00900A868F5 /* Release */ = {
			isa = XCBuildConfiguration;
			buildSettings = {
				ALWAYS_SEARCH_USER_PATHS = NO;
				CLANG_CXX_LANGUAGE_STANDARD = "gnu++0x";
				CLANG_CXX_LIBRARY = "libc++";
				CLANG_ENABLE_MODULES = YES;
				CLANG_ENABLE_OBJC_ARC = YES;
				CLANG_WARN_BOOL_CONVERSION = YES;
				CLANG_WARN_CONSTANT_CONVERSION = YES;
				CLANG_WARN_DIRECT_OBJC_ISA_USAGE = YES_ERROR;
				CLANG_WARN_EMPTY_BODY = YES;
				CLANG_WARN_ENUM_CONVERSION = YES;
				CLANG_WARN_INT_CONVERSION = YES;
				CLANG_WARN_OBJC_ROOT_CLASS = YES_ERROR;
				CLANG_WARN_UNREACHABLE_CODE = YES;
				CLANG_WARN__DUPLICATE_METHOD_MATCH = YES;
				COPY_PHASE_STRIP = YES;
				DEBUG_INFORMATION_FORMAT = "dwarf-with-dsym";
				ENABLE_NS_ASSERTIONS = NO;
				ENABLE_STRICT_OBJC_MSGSEND = YES;
				GCC_C_LANGUAGE_STANDARD = gnu99;
				GCC_WARN_64_TO_32_BIT_CONVERSION = YES;
				GCC_WARN_ABOUT_RETURN_TYPE = YES_ERROR;
				GCC_WARN_UNDECLARED_SELECTOR = YES;
				GCC_WARN_UNINITIALIZED_AUTOS = YES_AGGRESSIVE;
				GCC_WARN_UNUSED_FUNCTION = YES;
				GCC_WARN_UNUSED_VARIABLE = YES;
				MACOSX_DEPLOYMENT_TARGET = 10.8;
				MTL_ENABLE_DEBUG_INFO = NO;
				SDKROOT = macosx;
			};
			name = Release;
		};
		D1F115331A17C00900A868F5 /* Debug */ = {
			isa = XCBuildConfiguration;
			buildSettings = {
				PRODUCT_NAME = "$(TARGET_NAME)";
			};
			name = Debug;
		};
		D1F115341A17C00900A868F5 /* Release */ = {
			isa = XCBuildConfiguration;
			buildSettings = {
				PRODUCT_NAME = "$(TARGET_NAME)";
			};
			name = Release;
		};
/* End XCBuildConfiguration section */

/* Begin XCConfigurationList section */
		D1F115261A17C00900A868F5 /* Build configuration list for PBXProject "TankSim" */ = {
			isa = XCConfigurationList;
			buildConfigurations = (
				D1F115301A17C00900A868F5 /* Debug */,
				D1F115311A17C00900A868F5 /* Release */,
			);
			defaultConfigurationIsVisible = 0;
			defaultConfigurationName = Release;
		};
		D1F115321A17C00900A868F5 /* Build configuration list for PBXNativeTarget "TankSim" */ = {
			isa = XCConfigurationList;
			buildConfigurations = (
				D1F115331A17C00900A868F5 /* Debug */,
				D1F115341A17C00900A868F5 /* Release */,
			);
			defaultConfigurationIsVisible = 0;
			defaultConfigurationName = Release;
		};
/* End XCConfigurationList section */
	};
	rootObject = D1F115231A17C00900A868F5 /* Project object */;
}
